
Microsoft Visual Studio Solution File, Format Version 12.00
# Visual Studio Version 16
VisualStudioVersion = 16.0.31410.357
MinimumVisualStudioVersion = 10.0.40219.1
Project("{FAE04EC0-301F-11D3-BF4B-00C04F79EFBC}") = "SnakeLadderProblem", "SnakeLadderProblem.csproj", "{ACB5F4B5-5D0A-41BE-9947-B823292DAD88}"
EndProject
Global
	GlobalSection(SolutionConfigurationPlatforms) = preSolution
		Debug|Any CPU = Debug|Any CPU
		Release|Any CPU = Release|Any CPU
	EndGlobalSection
	GlobalSection(ProjectConfigurationPlatforms) = postSolution
		{ACB5F4B5-5D0A-41BE-9947-B823292DAD88}.Debug|Any CPU.ActiveCfg = Debug|Any CPU
		{ACB5F4B5-5D0A-41BE-9947-B823292DAD88}.Debug|Any CPU.Build.0 = Debug|Any CPU
		{ACB5F4B5-5D0A-41BE-9947-B823292DAD88}.Release|Any CPU.ActiveCfg = Release|Any CPU
		{ACB5F4B5-5D0A-41BE-9947-B823292DAD88}.Release|Any CPU.Build.0 = Release|Any CPU
	EndGlobalSection
	GlobalSection(SolutionProperties) = preSolution
		HideSolutionNode = FALSE
	EndGlobalSection
	GlobalSection(ExtensibilityGlobals) = postSolution
		SolutionGuid = {D5A4C151-BB6A-4901-8B11-4066F57EFAC3}
	EndGlobalSection
EndGlobal
